
Microsoft Visual Studio Solution File, Format Version 12.00
# Visual Studio 15
VisualStudioVersion = 15.0.28307.421
MinimumVisualStudioVersion = 10.0.40219.1
Project("{FAE04EC0-301F-11D3-BF4B-00C04F79EFBC}") = "EDPAlertsExample", "EDPAlertsExample\EDPAlertsExample.csproj", "{9CD9741A-AE50-48BC-90DB-BCFCFB4A3FE7}"
EndProject
Global
	GlobalSection(SolutionConfigurationPlatforms) = preSolution
		Debug|Any CPU = Debug|Any CPU
		Release|Any CPU = Release|Any CPU
	EndGlobalSection
	GlobalSection(ProjectConfigurationPlatforms) = postSolution
		{9CD9741A-AE50-48BC-90DB-BCFCFB4A3FE7}.Debug|Any CPU.ActiveCfg = Debug|Any CPU
		{9CD9741A-AE50-48BC-90DB-BCFCFB4A3FE7}.Debug|Any CPU.Build.0 = Debug|Any CPU
		{9CD9741A-AE50-48BC-90DB-BCFCFB4A3FE7}.Release|Any CPU.ActiveCfg = Release|Any CPU
		{9CD9741A-AE50-48BC-90DB-BCFCFB4A3FE7}.Release|Any CPU.Build.0 = Release|Any CPU
	EndGlobalSection
	GlobalSection(SolutionProperties) = preSolution
		HideSolutionNode = FALSE
	EndGlobalSection
	GlobalSection(ExtensibilityGlobals) = postSolution
		SolutionGuid = {1F05F30E-7153-4E76-BB1B-33BFB2A49C03}
	EndGlobalSection
EndGlobal
